
Microsoft Visual Studio Solution File, Format Version 12.00
# Visual Studio Version 17
VisualStudioVersion = 17.5.001.0
MinimumVisualStudioVersion = 10.0.40219.1
Project("{9A19103F-16F7-4668-BE54-9A1E7A4F7556}") = "cSharp2022", "cSharp2022.csproj", "{72C1AD2A-FE8C-47EE-AEBF-03A02B82FCDF}"
EndProject
Global
	GlobalSection(SolutionConfigurationPlatforms) = preSolution
		Debug|Any CPU = Debug|Any CPU
		Release|Any CPU = Release|Any CPU
	EndGlobalSection
	GlobalSection(ProjectConfigurationPlatforms) = postSolution
		{72C1AD2A-FE8C-47EE-AEBF-03A02B82FCDF}.Debug|Any CPU.ActiveCfg = Debug|Any CPU
		{72C1AD2A-FE8C-47EE-AEBF-03A02B82FCDF}.Debug|Any CPU.Build.0 = Debug|Any CPU
		{72C1AD2A-FE8C-47EE-AEBF-03A02B82FCDF}.Release|Any CPU.ActiveCfg = Release|Any CPU
		{72C1AD2A-FE8C-47EE-AEBF-03A02B82FCDF}.Release|Any CPU.Build.0 = Release|Any CPU
	EndGlobalSection
	GlobalSection(SolutionProperties) = preSolution
		HideSolutionNode = FALSE
	EndGlobalSection
	GlobalSection(ExtensibilityGlobals) = postSolution
		SolutionGuid = {CD0B73CC-9F28-443A-A1DF-25C2449941EE}
	EndGlobalSection
EndGlobal
